// !$*UTF8*$!
{
	archiveVersion = 1;
	classes = {
	};
	objectVersion = 55;
	objects = {

/* Begin PBXBuildFile section */
		3DAA3CAF2702823D007A9432 /* AppDelegate.swift in Sources */ = {isa = PBXBuildFile; fileRef = 3DAA3CAE2702823D007A9432 /* AppDelegate.swift */; };
		3DAA3CB12702823D007A9432 /* SceneDelegate.swift in Sources */ = {isa = PBXBuildFile; fileRef = 3DAA3CB02702823D007A9432 /* SceneDelegate.swift */; };
		3DAA3CB32702823D007A9432 /* MapViewController.swift in Sources */ = {isa = PBXBuildFile; fileRef = 3DAA3CB22702823D007A9432 /* MapViewController.swift */; };
		3DAA3CB62702823D007A9432 /* Main.storyboard in Resources */ = {isa = PBXBuildFile; fileRef = 3DAA3CB42702823D007A9432 /* Main.storyboard */; };
		3DAA3CB827028242007A9432 /* Assets.xcassets in Resources */ = {isa = PBXBuildFile; fileRef = 3DAA3CB727028242007A9432 /* Assets.xcassets */; };
		3DAA3CBB27028242007A9432 /* LaunchScreen.storyboard in Resources */ = {isa = PBXBuildFile; fileRef = 3DAA3CB927028242007A9432 /* LaunchScreen.storyboard */; };
		3DAA3CC42702EEEF007A9432 /* GoogleMaps in Frameworks */ = {isa = PBXBuildFile; productRef = 3DAA3CC32702EEEF007A9432 /* GoogleMaps */; };
		3DAA3CC62702EEEF007A9432 /* GoogleMapsBase in Frameworks */ = {isa = PBXBuildFile; productRef = 3DAA3CC52702EEEF007A9432 /* GoogleMapsBase */; };
		3DAA3CC82702EEEF007A9432 /* GooglePlaces in Frameworks */ = {isa = PBXBuildFile; productRef = 3DAA3CC72702EEEF007A9432 /* GooglePlaces */; };
/* End PBXBuildFile section */

/* Begin PBXFileReference section */
		3DAA3CAB2702823D007A9432 /* MyProgectGB.app */ = {isa = PBXFileReference; explicitFileType = wrapper.application; includeInIndex = 0; path = MyProgectGB.app; sourceTree = BUILT_PRODUCTS_DIR; };
		3DAA3CAE2702823D007A9432 /* AppDelegate.swift */ = {isa = PBXFileReference; lastKnownFileType = sourcecode.swift; path = AppDelegate.swift; sourceTree = "<group>"; };
		3DAA3CB02702823D007A9432 /* SceneDelegate.swift */ = {isa = PBXFileReference; lastKnownFileType = sourcecode.swift; path = SceneDelegate.swift; sourceTree = "<group>"; };
		3DAA3CB22702823D007A9432 /* MapViewController.swift */ = {isa = PBXFileReference; lastKnownFileType = sourcecode.swift; path = MapViewController.swift; sourceTree = "<group>"; };
		3DAA3CB52702823D007A9432 /* Base */ = {isa = PBXFileReference; lastKnownFileType = file.storyboard; name = Base; path = Base.lproj/Main.storyboard; sourceTree = "<group>"; };
		3DAA3CB727028242007A9432 /* Assets.xcassets */ = {isa = PBXFileReference; lastKnownFileType = folder.assetcatalog; path = Assets.xcassets; sourceTree = "<group>"; };
		3DAA3CBA27028242007A9432 /* Base */ = {isa = PBXFileReference; lastKnownFileType = file.storyboard; name = Base; path = Base.lproj/LaunchScreen.storyboard; sourceTree = "<group>"; };
		3DAA3CBC27028242007A9432 /* Info.plist */ = {isa = PBXFileReference; lastKnownFileType = text.plist.xml; path = Info.plist; sourceTree = "<group>"; };
/* End PBXFileReference section */

/* Begin PBXFrameworksBuildPhase section */
		3DAA3CA82702823D007A9432 /* Frameworks */ = {
			isa = PBXFrameworksBuildPhase;
			buildActionMask = 2147483647;
			files = (
				3DAA3CC82702EEEF007A9432 /* GooglePlaces in Frameworks */,
				3DAA3CC42702EEEF007A9432 /* GoogleMaps in Frameworks */,
				3DAA3CC62702EEEF007A9432 /* GoogleMapsBase in Frameworks */,
			);
			runOnlyForDeploymentPostprocessing = 0;
		};
/* End PBXFrameworksBuildPhase section */

/* Begin PBXGroup section */
		3DAA3CA22702823C007A9432 = {
			isa = PBXGroup;
			children = (
				3DAA3CAD2702823D007A9432 /* MyProgectGB */,
				3DAA3CAC2702823D007A9432 /* Products */,
			);
			sourceTree = "<group>";
		};
		3DAA3CAC2702823D007A9432 /* Products */ = {
			isa = PBXGroup;
			children = (
				3DAA3CAB2702823D007A9432 /* MyProgectGB.app */,
			);
			name = Products;
			sourceTree = "<group>";
		};
		3DAA3CAD2702823D007A9432 /* MyProgectGB */ = {
			isa = PBXGroup;
			children = (
				3DAA3CAE2702823D007A9432 /* AppDelegate.swift */,
				3DAA3CB02702823D007A9432 /* SceneDelegate.swift */,
				3DAA3CB22702823D007A9432 /* MapViewController.swift */,
				3DAA3CB42702823D007A9432 /* Main.storyboard */,
				3DAA3CB727028242007A9432 /* Assets.xcassets */,
				3DAA3CB927028242007A9432 /* LaunchScreen.storyboard */,
				3DAA3CBC27028242007A9432 /* Info.plist */,
			);
			path = MyProgectGB;
			sourceTree = "<group>";
		};
/* End PBXGroup section */

/* Begin PBXNativeTarget section */
		3DAA3CAA2702823D007A9432 /* MyProgectGB */ = {
			isa = PBXNativeTarget;
			buildConfigurationList = 3DAA3CBF27028242007A9432 /* Build configuration list for PBXNativeTarget "MyProgectGB" */;
			buildPhases = (
				3DAA3CA72702823D007A9432 /* Sources */,
				3DAA3CA82702823D007A9432 /* Frameworks */,
				3DAA3CA92702823D007A9432 /* Resources */,
			);
			buildRules = (
			);
			dependencies = (
			);
			name = MyProgectGB;
			packageProductDependencies = (
				3DAA3CC32702EEEF007A9432 /* GoogleMaps */,
				3DAA3CC52702EEEF007A9432 /* GoogleMapsBase */,
				3DAA3CC72702EEEF007A9432 /* GooglePlaces */,
			);
			productName = MyProgectGB;
			productReference = 3DAA3CAB2702823D007A9432 /* MyProgectGB.app */;
			productType = "com.apple.product-type.application";
		};
/* End PBXNativeTarget section */

/* Begin PBXProject section */
		3DAA3CA32702823C007A9432 /* Project object */ = {
			isa = PBXProject;
			attributes = {
				BuildIndependentTargetsInParallel = 1;
				LastSwiftUpdateCheck = 1300;
				LastUpgradeCheck = 1300;
				TargetAttributes = {
					3DAA3CAA2702823D007A9432 = {
						CreatedOnToolsVersion = 13.0;
					};
				};
			};
			buildConfigurationList = 3DAA3CA62702823C007A9432 /* Build configuration list for PBXProject "MyProgectGB" */;
			compatibilityVersion = "Xcode 13.0";
			developmentRegion = en;
			hasScannedForEncodings = 0;
			knownRegions = (
				en,
				Base,
			);
			mainGroup = 3DAA3CA22702823C007A9432;
			packageReferences = (
				3DAA3CC22702EEEF007A9432 /* XCRemoteSwiftPackageReference "GoogleMaps-SP" */,
			);
			productRefGroup = 3DAA3CAC2702823D007A9432 /* Products */;
			projectDirPath = "";
			projectRoot = "";
			targets = (
				3DAA3CAA2702823D007A9432 /* MyProgectGB */,
			);
		};
/* End PBXProject section */

/* Begin PBXResourcesBuildPhase section */
		3DAA3CA92702823D007A9432 /* Resources */ = {
			isa = PBXResourcesBuildPhase;
			buildActionMask = 2147483647;
			files = (
				3DAA3CBB27028242007A9432 /* LaunchScreen.storyboard in Resources */,
				3DAA3CB827028242007A9432 /* Assets.xcassets in Resources */,
				3DAA3CB62702823D007A9432 /* Main.storyboard in Resources */,
			);
			runOnlyForDeploymentPostprocessing = 0;
		};
/* End PBXResourcesBuildPhase section */

/* Begin PBXSourcesBuildPhase section */
		3DAA3CA72702823D007A9432 /* Sources */ = {
			isa = PBXSourcesBuildPhase;
			buildActionMask = 2147483647;
			files = (
				3DAA3CB32702823D007A9432 /* MapViewController.swift in Sources */,
				3DAA3CAF2702823D007A9432 /* AppDelegate.swift in Sources */,
				3DAA3CB12702823D007A9432 /* SceneDelegate.swift in Sources */,
			);
			runOnlyForDeploymentPostprocessing = 0;
		};
/* End PBXSourcesBuildPhase section */

/* Begin PBXVariantGroup section */
		3DAA3CB42702823D007A9432 /* Main.storyboard */ = {
			isa = PBXVariantGroup;
			children = (
				3DAA3CB52702823D007A9432 /* Base */,
			);
			name = Main.storyboard;
			sourceTree = "<group>";
		};
		3DAA3CB927028242007A9432 /* LaunchScreen.storyboard */ = {
			isa = PBXVariantGroup;
			children = (
				3DAA3CBA27028242007A9432 /* Base */,
			);
			name = LaunchScreen.storyboard;
			sourceTree = "<group>";
		};
/* End PBXVariantGroup section */

/* Begin XCBuildConfiguration section */
		3DAA3CBD27028242007A9432 /* Debug */ = {
			isa = XCBuildConfiguration;
			buildSettings = {
				ALWAYS_SEARCH_USER_PATHS = NO;
				CLANG_ANALYZER_NONNULL = YES;
				CLANG_ANALYZER_NUMBER_OBJECT_CONVERSION = YES_AGGRESSIVE;
				CLANG_CXX_LANGUAGE_STANDARD = "gnu++17";
				CLANG_CXX_LIBRARY = "libc++";
				CLANG_ENABLE_MODULES = YES;
				CLANG_ENABLE_OBJC_ARC = YES;
				CLANG_ENABLE_OBJC_WEAK = YES;
				CLANG_WARN_BLOCK_CAPTURE_AUTORELEASING = YES;
				CLANG_WARN_BOOL_CONVERSION = YES;
				CLANG_WARN_COMMA = YES;
				CLANG_WARN_CONSTANT_CONVERSION = YES;
				CLANG_WARN_DEPRECATED_OBJC_IMPLEMENTATIONS = YES;
				CLANG_WARN_DIRECT_OBJC_ISA_USAGE = YES_ERROR;
				CLANG_WARN_DOCUMENTATION_COMMENTS = YES;
				CLANG_WARN_EMPTY_BODY = YES;
				CLANG_WARN_ENUM_CONVERSION = YES;
				CLANG_WARN_INFINITE_RECURSION = YES;
				CLANG_WARN_INT_CONVERSION = YES;
				CLANG_WARN_NON_LITERAL_NULL_CONVERSION = YES;
				CLANG_WARN_OBJC_IMPLICIT_RETAIN_SELF = YES;
				CLANG_WARN_OBJC_LITERAL_CONVERSION = YES;
				CLANG_WARN_OBJC_ROOT_CLASS = YES_ERROR;
				CLANG_WARN_QUOTED_INCLUDE_IN_FRAMEWORK_HEADER = YES;
				CLANG_WARN_RANGE_LOOP_ANALYSIS = YES;
				CLANG_WARN_STRICT_PROTOTYPES = YES;
				CLANG_WARN_SUSPICIOUS_MOVE = YES;
				CLANG_WARN_UNGUARDED_AVAILABILITY = YES_AGGRESSIVE;
				CLANG_WARN_UNREACHABLE_CODE = YES;
				CLANG_WARN__DUPLICATE_METHOD_MATCH = YES;
				COPY_PHASE_STRIP = NO;
				DEBUG_INFORMATION_FORMAT = dwarf;
				ENABLE_STRICT_OBJC_MSGSEND = YES;
				ENABLE_TESTABILITY = YES;
				GCC_C_LANGUAGE_STANDARD = gnu11;
				GCC_DYNAMIC_NO_PIC = NO;
				GCC_NO_COMMON_BLOCKS = YES;
				GCC_OPTIMIZATION_LEVEL = 0;
				GCC_PREPROCESSOR_DEFINITIONS = (
					"DEBUG=1",
					"$(inherited)",
				);
				GCC_WARN_64_TO_32_BIT_CONVERSION = YES;
				GCC_WARN_ABOUT_RETURN_TYPE = YES_ERROR;
				GCC_WARN_UNDECLARED_SELECTOR = YES;
				GCC_WARN_UNINITIALIZED_AUTOS = YES_AGGRESSIVE;
				GCC_WARN_UNUSED_FUNCTION = YES;
				GCC_WARN_UNUSED_VARIABLE = YES;
				IPHONEOS_DEPLOYMENT_TARGET = 15.0;
				MTL_ENABLE_DEBUG_INFO = INCLUDE_SOURCE;
				MTL_FAST_MATH = YES;
				ONLY_ACTIVE_ARCH = YES;
				SDKROOT = iphoneos;
				SWIFT_ACTIVE_COMPILATION_CONDITIONS = DEBUG;
				SWIFT_OPTIMIZATION_LEVEL = "-Onone";
			};
			name = Debug;
		};
		3DAA3CBE27028242007A9432 /* Release */ = {
			isa = XCBuildConfiguration;
			buildSettings = {
				ALWAYS_SEARCH_USER_PATHS = NO;
				CLANG_ANALYZER_NONNULL = YES;
				CLANG_ANALYZER_NUMBER_OBJECT_CONVERSION = YES_AGGRESSIVE;
				CLANG_CXX_LANGUAGE_STANDARD = "gnu++17";
				CLANG_CXX_LIBRARY = "libc++";
				CLANG_ENABLE_MODULES = YES;
				CLANG_ENABLE_OBJC_ARC = YES;
				CLANG_ENABLE_OBJC_WEAK = YES;
				CLANG_WARN_BLOCK_CAPTURE_AUTORELEASING = YES;
				CLANG_WARN_BOOL_CONVERSION = YES;
				CLANG_WARN_COMMA = YES;
				CLANG_WARN_CONSTANT_CONVERSION = YES;
				CLANG_WARN_DEPRECATED_OBJC_IMPLEMENTATIONS = YES;
				CLANG_WARN_DIRECT_OBJC_ISA_USAGE = YES_ERROR;
				CLANG_WARN_DOCUMENTATION_COMMENTS = YES;
				CLANG_WARN_EMPTY_BODY = YES;
				CLANG_WARN_ENUM_CONVERSION = YES;
				CLANG_WARN_INFINITE_RECURSION = YES;
				CLANG_WARN_INT_CONVERSION = YES;
				CLANG_WARN_NON_LITERAL_NULL_CONVERSION = YES;
				CLANG_WARN_OBJC_IMPLICIT_RETAIN_SELF = YES;
				CLANG_WARN_OBJC_LITERAL_CONVERSION = YES;
				CLANG_WARN_OBJC_ROOT_CLASS = YES_ERROR;
				CLANG_WARN_QUOTED_INCLUDE_IN_FRAMEWORK_HEADER = YES;
				CLANG_WARN_RANGE_LOOP_ANALYSIS = YES;
				CLANG_WARN_STRICT_PROTOTYPES = YES;
				CLANG_WARN_SUSPICIOUS_MOVE = YES;
				CLANG_WARN_UNGUARDED_AVAILABILITY = YES_AGGRESSIVE;
				CLANG_WARN_UNREACHABLE_CODE = YES;
				CLANG_WARN__DUPLICATE_METHOD_MATCH = YES;
				COPY_PHASE_STRIP = NO;
				DEBUG_INFORMATION_FORMAT = "dwarf-with-dsym";
				ENABLE_NS_ASSERTIONS = NO;
				ENABLE_STRICT_OBJC_MSGSEND = YES;
				GCC_C_LANGUAGE_STANDARD = gnu11;
				GCC_NO_COMMON_BLOCKS = YES;
				GCC_WARN_64_TO_32_BIT_CONVERSION = YES;
				GCC_WARN_ABOUT_RETURN_TYPE = YES_ERROR;
				GCC_WARN_UNDECLARED_SELECTOR = YES;
				GCC_WARN_UNINITIALIZED_AUTOS = YES_AGGRESSIVE;
				GCC_WARN_UNUSED_FUNCTION = YES;
				GCC_WARN_UNUSED_VARIABLE = YES;
				IPHONEOS_DEPLOYMENT_TARGET = 15.0;
				MTL_ENABLE_DEBUG_INFO = NO;
				MTL_FAST_MATH = YES;
				SDKROOT = iphoneos;
				SWIFT_COMPILATION_MODE = wholemodule;
				SWIFT_OPTIMIZATION_LEVEL = "-O";
				VALIDATE_PRODUCT = YES;
			};
			name = Release;
		};
		3DAA3CC027028242007A9432 /* Debug */ = {
			isa = XCBuildConfiguration;
			buildSettings = {
				ASSETCATALOG_COMPILER_APPICON_NAME = AppIcon;
				ASSETCATALOG_COMPILER_GLOBAL_ACCENT_COLOR_NAME = AccentColor;
				CODE_SIGN_STYLE = Automatic;
				CURRENT_PROJECT_VERSION = 1;
				DEVELOPMENT_TEAM = 5B99N4Z88C;
				GENERATE_INFOPLIST_FILE = YES;
				INFOPLIST_FILE = MyProgectGB/Info.plist;
				INFOPLIST_KEY_UIApplicationSupportsIndirectInputEvents = YES;
				INFOPLIST_KEY_UILaunchStoryboardName = LaunchScreen;
				INFOPLIST_KEY_UIMainStoryboardFile = Main;
				INFOPLIST_KEY_UISupportedInterfaceOrientations_iPad = "UIInterfaceOrientationPortrait UIInterfaceOrientationPortraitUpsideDown UIInterfaceOrientationLandscapeLeft UIInterfaceOrientationLandscapeRight";
				INFOPLIST_KEY_UISupportedInterfaceOrientations_iPhone = "UIInterfaceOrientationPortrait UIInterfaceOrientationLandscapeLeft UIInterfaceOrientationLandscapeRight";
				LD_RUNPATH_SEARCH_PATHS = (
					"$(inherited)",
					"@executable_path/Frameworks",
				);
				MARKETING_VERSION = 1.0;
				PRODUCT_BUNDLE_IDENTIFIER = FVG.MyProgectGB;
				PRODUCT_NAME = "$(TARGET_NAME)";
				SWIFT_EMIT_LOC_STRINGS = YES;
				SWIFT_VERSION = 5.0;
				TARGETED_DEVICE_FAMILY = "1,2";
			};
			name = Debug;
		};
		3DAA3CC127028242007A9432 /* Release */ = {
			isa = XCBuildConfiguration;
			buildSettings = {
				ASSETCATALOG_COMPILER_APPICON_NAME = AppIcon;
				ASSETCATALOG_COMPILER_GLOBAL_ACCENT_COLOR_NAME = AccentColor;
				CODE_SIGN_STYLE = Automatic;
				CURRENT_PROJECT_VERSION = 1;
				DEVELOPMENT_TEAM = 5B99N4Z88C;
				GENERATE_INFOPLIST_FILE = YES;
				INFOPLIST_FILE = MyProgectGB/Info.plist;
				INFOPLIST_KEY_UIApplicationSupportsIndirectInputEvents = YES;
				INFOPLIST_KEY_UILaunchStoryboardName = LaunchScreen;
				INFOPLIST_KEY_UIMainStoryboardFile = Main;
				INFOPLIST_KEY_UISupportedInterfaceOrientations_iPad = "UIInterfaceOrientationPortrait UIInterfaceOrientationPortraitUpsideDown UIInterfaceOrientationLandscapeLeft UIInterfaceOrientationLandscapeRight";
				INFOPLIST_KEY_UISupportedInterfaceOrientations_iPhone = "UIInterfaceOrientationPortrait UIInterfaceOrientationLandscapeLeft UIInterfaceOrientationLandscapeRight";
				LD_RUNPATH_SEARCH_PATHS = (
					"$(inherited)",
					"@executable_path/Frameworks",
				);
				MARKETING_VERSION = 1.0;
				PRODUCT_BUNDLE_IDENTIFIER = FVG.MyProgectGB;
				PRODUCT_NAME = "$(TARGET_NAME)";
				SWIFT_EMIT_LOC_STRINGS = YES;
				SWIFT_VERSION = 5.0;
				TARGETED_DEVICE_FAMILY = "1,2";
			};
			name = Release;
		};
/* End XCBuildConfiguration section */

/* Begin XCConfigurationList section */
		3DAA3CA62702823C007A9432 /* Build configuration list for PBXProject "MyProgectGB" */ = {
			isa = XCConfigurationList;
			buildConfigurations = (
				3DAA3CBD27028242007A9432 /* Debug */,
				3DAA3CBE27028242007A9432 /* Release */,
			);
			defaultConfigurationIsVisible = 0;
			defaultConfigurationName = Release;
		};
		3DAA3CBF27028242007A9432 /* Build configuration list for PBXNativeTarget "MyProgectGB" */ = {
			isa = XCConfigurationList;
			buildConfigurations = (
				3DAA3CC027028242007A9432 /* Debug */,
				3DAA3CC127028242007A9432 /* Release */,
			);
			defaultConfigurationIsVisible = 0;
			defaultConfigurationName = Release;
		};
/* End XCConfigurationList section */

/* Begin XCRemoteSwiftPackageReference section */
		3DAA3CC22702EEEF007A9432 /* XCRemoteSwiftPackageReference "GoogleMaps-SP" */ = {
			isa = XCRemoteSwiftPackageReference;
			repositoryURL = "https://github.com/YAtechnologies/GoogleMaps-SP.git";
			requirement = {
				branch = main;
				kind = branch;
			};
		};
/* End XCRemoteSwiftPackageReference section */

/* Begin XCSwiftPackageProductDependency section */
		3DAA3CC32702EEEF007A9432 /* GoogleMaps */ = {
			isa = XCSwiftPackageProductDependency;
			package = 3DAA3CC22702EEEF007A9432 /* XCRemoteSwiftPackageReference "GoogleMaps-SP" */;
			productName = GoogleMaps;
		};
		3DAA3CC52702EEEF007A9432 /* GoogleMapsBase */ = {
			isa = XCSwiftPackageProductDependency;
			package = 3DAA3CC22702EEEF007A9432 /* XCRemoteSwiftPackageReference "GoogleMaps-SP" */;
			productName = GoogleMapsBase;
		};
		3DAA3CC72702EEEF007A9432 /* GooglePlaces */ = {
			isa = XCSwiftPackageProductDependency;
			package = 3DAA3CC22702EEEF007A9432 /* XCRemoteSwiftPackageReference "GoogleMaps-SP" */;
			productName = GooglePlaces;
		};
/* End XCSwiftPackageProductDependency section */
	};
	rootObject = 3DAA3CA32702823C007A9432 /* Project object */;
}
